
Microsoft Visual Studio Solution File, Format Version 12.00
# Visual Studio Version 17
VisualStudioVersion = 17.14.36616.10 d17.14
MinimumVisualStudioVersion = 10.0.40219.1
Project("{FAE04EC0-301F-11D3-BF4B-00C04F79EFBC}") = "AccountAndPasswordManager", "AccountAndPasswordManager\AccountAndPasswordManager.csproj", "{FD74C61E-949A-41F6-A58B-5F1B4FFCB884}"
EndProject
Global
	GlobalSection(SolutionConfigurationPlatforms) = preSolution
		Debug|Any CPU = Debug|Any CPU
		Release|Any CPU = Release|Any CPU
	EndGlobalSection
	GlobalSection(ProjectConfigurationPlatforms) = postSolution
		{FD74C61E-949A-41F6-A58B-5F1B4FFCB884}.Debug|Any CPU.ActiveCfg = Debug|Any CPU
		{FD74C61E-949A-41F6-A58B-5F1B4FFCB884}.Debug|Any CPU.Build.0 = Debug|Any CPU
		{FD74C61E-949A-41F6-A58B-5F1B4FFCB884}.Release|Any CPU.ActiveCfg = Release|Any CPU
		{FD74C61E-949A-41F6-A58B-5F1B4FFCB884}.Release|Any CPU.Build.0 = Release|Any CPU
	EndGlobalSection
	GlobalSection(SolutionProperties) = preSolution
		HideSolutionNode = FALSE
	EndGlobalSection
	GlobalSection(ExtensibilityGlobals) = postSolution
		SolutionGuid = {CA3528E7-702B-49BF-8E27-DB446ECDD4FC}
	EndGlobalSection
EndGlobal
